<?xml version="1.0" encoding="UTF-8" standalone="yes" ?>
<CodeBlocks_project_file>
	<FileVersion major="1" minor="6" />
	<Project>
		<Option title="SWAR-2023" />
		<Option pch_mode="2" />
		<Option compiler="gcc" />
		<Build>
			<Target title="Release">
				<Option output="bin/main" prefix_auto="1" extension_auto="1" />
				<Option working_dir="bin/" />
				<Option object_output="obj/" />
				<Option type="1" />
				<Option compiler="msys_gcc-93" />
				<Compiler>
					<Add option="-O2" />
					<Add directory="../SFML-2.5.1/include" />
				</Compiler>
				<Linker>
					<Add option="-s" />
					<Add option="-static-libstdc++" />
					<Add option="-static" />
					<Add library="../SFML-2.5.1/lib/libFLAC.a" />
					<Add library="../SFML-2.5.1/lib/libfreetype.a" />
					<Add library="../SFML-2.5.1/lib/libogg.a" />
					<Add library="../SFML-2.5.1/lib/libopenal32.a" />
					<Add library="../SFML-2.5.1/lib/libsfml-audio-s.a" />
					<Add library="../SFML-2.5.1/lib/libsfml-graphics-s.a" />
					<Add library="../SFML-2.5.1/lib/libsfml-main.a" />
					<Add library="../SFML-2.5.1/lib/libsfml-network-s.a" />
					<Add library="../SFML-2.5.1/lib/libsfml-system-s.a" />
					<Add library="../SFML-2.5.1/lib/libsfml-window-s.a" />
					<Add library="../SFML-2.5.1/lib/libvorbis.a" />
					<Add library="../SFML-2.5.1/lib/libvorbisenc.a" />
					<Add library="../SFML-2.5.1/lib/libvorbisfile.a" />
					<Add library="libwinmm.a" />
					<Add library="libgdi32.a" />
					<Add library="libopengl32.a" />
					<Add library="libws2_32.a" />
				</Linker>
			</Target>
		</Build>
		<Compiler>
			<Add option="-Wall" />
			<Add option="-fexceptions" />
		</Compiler>
		<Unit filename="../sources/common/mylib.h" />
		<Unit filename="../sources/common/win.h" />
		<Unit filename="../sources/games/chat/chat_client.h" />
		<Unit filename="../sources/games/chat/chat_server.h" />
		<Unit filename="../sources/games/chat/common.h" />
		<Unit filename="../sources/games/swar/common.h" />
		<Unit filename="../sources/games/swar/swar_client.h" />
		<Unit filename="../sources/games/swar/swar_server.h" />
		<Unit filename="../sources/sockets/_client.h" />
		<Unit filename="../sources/sockets/_config.h" />
		<Unit filename="../sources/sockets/_mess.h" />
		<Unit filename="../sources/sockets/_mysfml.h" />
		<Unit filename="../sources/sockets/_runner.h" />
		<Unit filename="../sources/sockets/_server.h" />
		<Unit filename="../sources/sockets/command.h" />
		<Unit filename="../sources/sockets/debug.h" />
		<Unit filename="../sources/sockets/main.cpp" />
		<Extensions>
			<lib_finder disable_auto="1" />
		</Extensions>
	</Project>
</CodeBlocks_project_file>
